
Microsoft Visual Studio Solution File, Format Version 12.00
# Visual Studio Version 16
VisualStudioVersion = 16.0.29403.142
MinimumVisualStudioVersion = 10.0.40219.1
Project("{9A19103F-16F7-4668-BE54-9A1E7A4F7556}") = "Logger", "Logger\Logger.csproj", "{6D7A5827-5C07-43A7-A146-DCD6BA2221FC}"
EndProject
Project("{FAE04EC0-301F-11D3-BF4B-00C04F79EFBC}") = "LoggerUnitTest", "LoggerUnitTest\LoggerUnitTest.csproj", "{1C945CD3-A7CA-4C3F-93B8-1572D0C21C6A}"
EndProject
Global
	GlobalSection(SolutionConfigurationPlatforms) = preSolution
		Debug|Any CPU = Debug|Any CPU
		Release|Any CPU = Release|Any CPU
	EndGlobalSection
	GlobalSection(ProjectConfigurationPlatforms) = postSolution
		{6D7A5827-5C07-43A7-A146-DCD6BA2221FC}.Debug|Any CPU.ActiveCfg = Debug|Any CPU
		{6D7A5827-5C07-43A7-A146-DCD6BA2221FC}.Debug|Any CPU.Build.0 = Debug|Any CPU
		{6D7A5827-5C07-43A7-A146-DCD6BA2221FC}.Release|Any CPU.ActiveCfg = Release|Any CPU
		{6D7A5827-5C07-43A7-A146-DCD6BA2221FC}.Release|Any CPU.Build.0 = Release|Any CPU
		{1C945CD3-A7CA-4C3F-93B8-1572D0C21C6A}.Debug|Any CPU.ActiveCfg = Debug|Any CPU
		{1C945CD3-A7CA-4C3F-93B8-1572D0C21C6A}.Debug|Any CPU.Build.0 = Debug|Any CPU
		{1C945CD3-A7CA-4C3F-93B8-1572D0C21C6A}.Release|Any CPU.ActiveCfg = Release|Any CPU
		{1C945CD3-A7CA-4C3F-93B8-1572D0C21C6A}.Release|Any CPU.Build.0 = Release|Any CPU
	EndGlobalSection
	GlobalSection(SolutionProperties) = preSolution
		HideSolutionNode = FALSE
	EndGlobalSection
	GlobalSection(ExtensibilityGlobals) = postSolution
		SolutionGuid = {5C7DBA51-93B0-438F-A598-DF3668B24D06}
	EndGlobalSection
EndGlobal
